
Microsoft Visual Studio Solution File, Format Version 12.00
# Visual Studio 15
VisualStudioVersion = 15.0.28307.902
MinimumVisualStudioVersion = 10.0.40219.1
Project("{FAE04EC0-301F-11D3-BF4B-00C04F79EFBC}") = "Rest-Api", "Rest-Api\Rest-Api.csproj", "{9ACC6513-C8D0-4A98-B2E4-7CF6EFDB0EDE}"
EndProject
Global
	GlobalSection(SolutionConfigurationPlatforms) = preSolution
		Debug|Any CPU = Debug|Any CPU
		Release|Any CPU = Release|Any CPU
	EndGlobalSection
	GlobalSection(ProjectConfigurationPlatforms) = postSolution
		{9ACC6513-C8D0-4A98-B2E4-7CF6EFDB0EDE}.Debug|Any CPU.ActiveCfg = Debug|Any CPU
		{9ACC6513-C8D0-4A98-B2E4-7CF6EFDB0EDE}.Debug|Any CPU.Build.0 = Debug|Any CPU
		{9ACC6513-C8D0-4A98-B2E4-7CF6EFDB0EDE}.Release|Any CPU.ActiveCfg = Release|Any CPU
		{9ACC6513-C8D0-4A98-B2E4-7CF6EFDB0EDE}.Release|Any CPU.Build.0 = Release|Any CPU
	EndGlobalSection
	GlobalSection(SolutionProperties) = preSolution
		HideSolutionNode = FALSE
	EndGlobalSection
	GlobalSection(ExtensibilityGlobals) = postSolution
		SolutionGuid = {EDD137FD-94C1-402C-B809-65F45A3753A1}
	EndGlobalSection
EndGlobal
